
Microsoft Visual Studio Solution File, Format Version 12.00
# Visual Studio 15
VisualStudioVersion = 15.0.26430.14
MinimumVisualStudioVersion = 10.0.40219.1
Project("{FAE04EC0-301F-11D3-BF4B-00C04F79EFBC}") = "_LoginAplikasi", "_LoginAplikasi\_LoginAplikasi.csproj", "{BF8EB8DD-C7F5-4EDE-9628-EEAA995EE7FE}"
EndProject
Global
	GlobalSection(SolutionConfigurationPlatforms) = preSolution
		Debug|Any CPU = Debug|Any CPU
		Release|Any CPU = Release|Any CPU
	EndGlobalSection
	GlobalSection(ProjectConfigurationPlatforms) = postSolution
		{BF8EB8DD-C7F5-4EDE-9628-EEAA995EE7FE}.Debug|Any CPU.ActiveCfg = Debug|Any CPU
		{BF8EB8DD-C7F5-4EDE-9628-EEAA995EE7FE}.Debug|Any CPU.Build.0 = Debug|Any CPU
		{BF8EB8DD-C7F5-4EDE-9628-EEAA995EE7FE}.Debug|Any CPU.Deploy.0 = Debug|Any CPU
		{BF8EB8DD-C7F5-4EDE-9628-EEAA995EE7FE}.Release|Any CPU.ActiveCfg = Release|Any CPU
		{BF8EB8DD-C7F5-4EDE-9628-EEAA995EE7FE}.Release|Any CPU.Build.0 = Release|Any CPU
		{BF8EB8DD-C7F5-4EDE-9628-EEAA995EE7FE}.Release|Any CPU.Deploy.0 = Release|Any CPU
	EndGlobalSection
	GlobalSection(SolutionProperties) = preSolution
		HideSolutionNode = FALSE
	EndGlobalSection
EndGlobal
